
Microsoft Visual Studio Solution File, Format Version 12.00
# Visual Studio Version 17
VisualStudioVersion = 17.0.32126.317
MinimumVisualStudioVersion = 10.0.40219.1
Project("{9A19103F-16F7-4668-BE54-9A1E7A4F7556}") = "WebApplication11", "WebApplication11\WebApplication11.csproj", "{6E7CAF97-B8BD-42BC-AA25-E4C211B1F559}"
EndProject
Project("{FAE04EC0-301F-11D3-BF4B-00C04F79EFBC}") = "TestProject1", "TestProject1\TestProject1.csproj", "{346B535D-E14D-4044-955B-3D51058E2672}"
EndProject
Global
	GlobalSection(SolutionConfigurationPlatforms) = preSolution
		Debug|Any CPU = Debug|Any CPU
		Release|Any CPU = Release|Any CPU
	EndGlobalSection
	GlobalSection(ProjectConfigurationPlatforms) = postSolution
		{6E7CAF97-B8BD-42BC-AA25-E4C211B1F559}.Debug|Any CPU.ActiveCfg = Debug|Any CPU
		{6E7CAF97-B8BD-42BC-AA25-E4C211B1F559}.Debug|Any CPU.Build.0 = Debug|Any CPU
		{6E7CAF97-B8BD-42BC-AA25-E4C211B1F559}.Release|Any CPU.ActiveCfg = Release|Any CPU
		{6E7CAF97-B8BD-42BC-AA25-E4C211B1F559}.Release|Any CPU.Build.0 = Release|Any CPU
		{346B535D-E14D-4044-955B-3D51058E2672}.Debug|Any CPU.ActiveCfg = Debug|Any CPU
		{346B535D-E14D-4044-955B-3D51058E2672}.Debug|Any CPU.Build.0 = Debug|Any CPU
		{346B535D-E14D-4044-955B-3D51058E2672}.Release|Any CPU.ActiveCfg = Release|Any CPU
		{346B535D-E14D-4044-955B-3D51058E2672}.Release|Any CPU.Build.0 = Release|Any CPU
	EndGlobalSection
	GlobalSection(SolutionProperties) = preSolution
		HideSolutionNode = FALSE
	EndGlobalSection
	GlobalSection(ExtensibilityGlobals) = postSolution
		SolutionGuid = {1E0F768A-B6E4-47B3-85D2-3AA01825B704}
	EndGlobalSection
EndGlobal
